
Microsoft Visual Studio Solution File, Format Version 12.00
# Visual Studio 15
Project("{FAE04EC0-301F-11D3-BF4B-00C04F79EFBC}") = "Assembly-CSharp", "Assembly-CSharp.csproj", "{DE283570-9571-092E-7FC4-F2BC5A7C012E}"
EndProject
Project("{FAE04EC0-301F-11D3-BF4B-00C04F79EFBC}") = "Assembly-CSharp-Editor", "Assembly-CSharp-Editor.csproj", "{79325164-5D8C-C6C8-0D9B-4B81A449783F}"
EndProject
Project("{FAE04EC0-301F-11D3-BF4B-00C04F79EFBC}") = "RootMotion", "RootMotion.csproj", "{9332AEFB-3915-8FDC-23B6-D86DDD7E468F}"
EndProject
Project("{FAE04EC0-301F-11D3-BF4B-00C04F79EFBC}") = "RootMotionEditor", "RootMotionEditor.csproj", "{9DC6A8F6-BF96-5489-7FF9-BE4FF047565C}"
EndProject
Global
	GlobalSection(SolutionConfigurationPlatforms) = preSolution
		Debug|Any CPU = Debug|Any CPU
		Release|Any CPU = Release|Any CPU
	EndGlobalSection
	GlobalSection(ProjectConfigurationPlatforms) = postSolution
		{DE283570-9571-092E-7FC4-F2BC5A7C012E}.Debug|Any CPU.ActiveCfg = Debug|Any CPU
		{DE283570-9571-092E-7FC4-F2BC5A7C012E}.Debug|Any CPU.Build.0 = Debug|Any CPU
		{DE283570-9571-092E-7FC4-F2BC5A7C012E}.Release|Any CPU.ActiveCfg = Release|Any CPU
		{DE283570-9571-092E-7FC4-F2BC5A7C012E}.Release|Any CPU.Build.0 = Release|Any CPU
		{79325164-5D8C-C6C8-0D9B-4B81A449783F}.Debug|Any CPU.ActiveCfg = Debug|Any CPU
		{79325164-5D8C-C6C8-0D9B-4B81A449783F}.Debug|Any CPU.Build.0 = Debug|Any CPU
		{79325164-5D8C-C6C8-0D9B-4B81A449783F}.Release|Any CPU.ActiveCfg = Release|Any CPU
		{79325164-5D8C-C6C8-0D9B-4B81A449783F}.Release|Any CPU.Build.0 = Release|Any CPU
		{9332AEFB-3915-8FDC-23B6-D86DDD7E468F}.Debug|Any CPU.ActiveCfg = Debug|Any CPU
		{9332AEFB-3915-8FDC-23B6-D86DDD7E468F}.Debug|Any CPU.Build.0 = Debug|Any CPU
		{9332AEFB-3915-8FDC-23B6-D86DDD7E468F}.Release|Any CPU.ActiveCfg = Release|Any CPU
		{9332AEFB-3915-8FDC-23B6-D86DDD7E468F}.Release|Any CPU.Build.0 = Release|Any CPU
		{9DC6A8F6-BF96-5489-7FF9-BE4FF047565C}.Debug|Any CPU.ActiveCfg = Debug|Any CPU
		{9DC6A8F6-BF96-5489-7FF9-BE4FF047565C}.Debug|Any CPU.Build.0 = Debug|Any CPU
		{9DC6A8F6-BF96-5489-7FF9-BE4FF047565C}.Release|Any CPU.ActiveCfg = Release|Any CPU
		{9DC6A8F6-BF96-5489-7FF9-BE4FF047565C}.Release|Any CPU.Build.0 = Release|Any CPU
	EndGlobalSection
	GlobalSection(SolutionProperties) = preSolution
		HideSolutionNode = FALSE
	EndGlobalSection
EndGlobal
